
Microsoft Visual Studio Solution File, Format Version 12.00
# Visual Studio 15
VisualStudioVersion = 15.0.26730.16
MinimumVisualStudioVersion = 10.0.40219.1
Project("{FAE04EC0-301F-11D3-BF4B-00C04F79EFBC}") = "Inversions", "Inversions\Inversions.csproj", "{A9FD18B8-C9AE-416A-BF4E-EEEFA7124F6D}"
EndProject
Project("{9A19103F-16F7-4668-BE54-9A1E7A4F7556}") = "InversionsTest", "InversionsTest\InversionsTest.csproj", "{F2C1679B-BBD8-4A1B-9B71-8B5120DF3A40}"
EndProject
Global
	GlobalSection(SolutionConfigurationPlatforms) = preSolution
		Debug|Any CPU = Debug|Any CPU
		Release|Any CPU = Release|Any CPU
	EndGlobalSection
	GlobalSection(ProjectConfigurationPlatforms) = postSolution
		{A9FD18B8-C9AE-416A-BF4E-EEEFA7124F6D}.Debug|Any CPU.ActiveCfg = Debug|Any CPU
		{A9FD18B8-C9AE-416A-BF4E-EEEFA7124F6D}.Debug|Any CPU.Build.0 = Debug|Any CPU
		{A9FD18B8-C9AE-416A-BF4E-EEEFA7124F6D}.Release|Any CPU.ActiveCfg = Release|Any CPU
		{A9FD18B8-C9AE-416A-BF4E-EEEFA7124F6D}.Release|Any CPU.Build.0 = Release|Any CPU
		{F2C1679B-BBD8-4A1B-9B71-8B5120DF3A40}.Debug|Any CPU.ActiveCfg = Debug|Any CPU
		{F2C1679B-BBD8-4A1B-9B71-8B5120DF3A40}.Debug|Any CPU.Build.0 = Debug|Any CPU
		{F2C1679B-BBD8-4A1B-9B71-8B5120DF3A40}.Release|Any CPU.ActiveCfg = Release|Any CPU
		{F2C1679B-BBD8-4A1B-9B71-8B5120DF3A40}.Release|Any CPU.Build.0 = Release|Any CPU
	EndGlobalSection
	GlobalSection(SolutionProperties) = preSolution
		HideSolutionNode = FALSE
	EndGlobalSection
	GlobalSection(ExtensibilityGlobals) = postSolution
		SolutionGuid = {B53209DE-05AA-4E96-9F0F-1968E3E8306C}
	EndGlobalSection
EndGlobal
